// !$*UTF8*$!
{
	archiveVersion = 1;
	classes = {
	};
	objectVersion = 50;
	objects = {

/* Begin PBXBuildFile section */
		260E0363263961BE00E29F96 /* UIImagePickerControllerCameraApp.swift in Sources */ = {isa = PBXBuildFile; fileRef = 260E0362263961BE00E29F96 /* UIImagePickerControllerCameraApp.swift */; };
		260E0365263961BE00E29F96 /* ContentView.swift in Sources */ = {isa = PBXBuildFile; fileRef = 260E0364263961BE00E29F96 /* ContentView.swift */; };
		260E0367263961C200E29F96 /* Assets.xcassets in Resources */ = {isa = PBXBuildFile; fileRef = 260E0366263961C200E29F96 /* Assets.xcassets */; };
		260E036A263961C200E29F96 /* Preview Assets.xcassets in Resources */ = {isa = PBXBuildFile; fileRef = 260E0369263961C200E29F96 /* Preview Assets.xcassets */; };
		260E0372263961E600E29F96 /* CustomImagePicker.swift in Sources */ = {isa = PBXBuildFile; fileRef = 260E0371263961E600E29F96 /* CustomImagePicker.swift */; };
/* End PBXBuildFile section */

/* Begin PBXFileReference section */
		260E035F263961BE00E29F96 /* UIImagePickerControllerCamera.app */ = {isa = PBXFileReference; explicitFileType = wrapper.application; includeInIndex = 0; path = UIImagePickerControllerCamera.app; sourceTree = BUILT_PRODUCTS_DIR; };
		260E0362263961BE00E29F96 /* UIImagePickerControllerCameraApp.swift */ = {isa = PBXFileReference; lastKnownFileType = sourcecode.swift; path = UIImagePickerControllerCameraApp.swift; sourceTree = "<group>"; };
		260E0364263961BE00E29F96 /* ContentView.swift */ = {isa = PBXFileReference; lastKnownFileType = sourcecode.swift; path = ContentView.swift; sourceTree = "<group>"; };
		260E0366263961C200E29F96 /* Assets.xcassets */ = {isa = PBXFileReference; lastKnownFileType = folder.assetcatalog; path = Assets.xcassets; sourceTree = "<group>"; };
		260E0369263961C200E29F96 /* Preview Assets.xcassets */ = {isa = PBXFileReference; lastKnownFileType = folder.assetcatalog; path = "Preview Assets.xcassets"; sourceTree = "<group>"; };
		260E036B263961C200E29F96 /* Info.plist */ = {isa = PBXFileReference; lastKnownFileType = text.plist.xml; path = Info.plist; sourceTree = "<group>"; };
		260E0371263961E600E29F96 /* CustomImagePicker.swift */ = {isa = PBXFileReference; lastKnownFileType = sourcecode.swift; path = CustomImagePicker.swift; sourceTree = "<group>"; };
/* End PBXFileReference section */

/* Begin PBXFrameworksBuildPhase section */
		260E035C263961BE00E29F96 /* Frameworks */ = {
			isa = PBXFrameworksBuildPhase;
			buildActionMask = 2147483647;
			files = (
			);
			runOnlyForDeploymentPostprocessing = 0;
		};
/* End PBXFrameworksBuildPhase section */

/* Begin PBXGroup section */
		260E0356263961BE00E29F96 = {
			isa = PBXGroup;
			children = (
				260E0361263961BE00E29F96 /* UIImagePickerControllerCamera */,
				260E0360263961BE00E29F96 /* Products */,
			);
			sourceTree = "<group>";
		};
		260E0360263961BE00E29F96 /* Products */ = {
			isa = PBXGroup;
			children = (
				260E035F263961BE00E29F96 /* UIImagePickerControllerCamera.app */,
			);
			name = Products;
			sourceTree = "<group>";
		};
		260E0361263961BE00E29F96 /* UIImagePickerControllerCamera */ = {
			isa = PBXGroup;
			children = (
				260E0362263961BE00E29F96 /* UIImagePickerControllerCameraApp.swift */,
				260E0364263961BE00E29F96 /* ContentView.swift */,
				260E0366263961C200E29F96 /* Assets.xcassets */,
				260E036B263961C200E29F96 /* Info.plist */,
				260E0371263961E600E29F96 /* CustomImagePicker.swift */,
				260E0368263961C200E29F96 /* Preview Content */,
			);
			path = UIImagePickerControllerCamera;
			sourceTree = "<group>";
		};
		260E0368263961C200E29F96 /* Preview Content */ = {
			isa = PBXGroup;
			children = (
				260E0369263961C200E29F96 /* Preview Assets.xcassets */,
			);
			path = "Preview Content";
			sourceTree = "<group>";
		};
/* End PBXGroup section */

/* Begin PBXNativeTarget section */
		260E035E263961BE00E29F96 /* UIImagePickerControllerCamera */ = {
			isa = PBXNativeTarget;
			buildConfigurationList = 260E036E263961C200E29F96 /* Build configuration list for PBXNativeTarget "UIImagePickerControllerCamera" */;
			buildPhases = (
				260E035B263961BE00E29F96 /* Sources */,
				260E035C263961BE00E29F96 /* Frameworks */,
				260E035D263961BE00E29F96 /* Resources */,
			);
			buildRules = (
			);
			dependencies = (
			);
			name = UIImagePickerControllerCamera;
			productName = UIImagePickerControllerCamera;
			productReference = 260E035F263961BE00E29F96 /* UIImagePickerControllerCamera.app */;
			productType = "com.apple.product-type.application";
		};
/* End PBXNativeTarget section */

/* Begin PBXProject section */
		260E0357263961BE00E29F96 /* Project object */ = {
			isa = PBXProject;
			attributes = {
				LastSwiftUpdateCheck = 1250;
				LastUpgradeCheck = 1250;
				TargetAttributes = {
					260E035E263961BE00E29F96 = {
						CreatedOnToolsVersion = 12.5;
					};
				};
			};
			buildConfigurationList = 260E035A263961BE00E29F96 /* Build configuration list for PBXProject "UIImagePickerControllerCamera" */;
			compatibilityVersion = "Xcode 9.3";
			developmentRegion = en;
			hasScannedForEncodings = 0;
			knownRegions = (
				en,
				Base,
			);
			mainGroup = 260E0356263961BE00E29F96;
			productRefGroup = 260E0360263961BE00E29F96 /* Products */;
			projectDirPath = "";
			projectRoot = "";
			targets = (
				260E035E263961BE00E29F96 /* UIImagePickerControllerCamera */,
			);
		};
/* End PBXProject section */

/* Begin PBXResourcesBuildPhase section */
		260E035D263961BE00E29F96 /* Resources */ = {
			isa = PBXResourcesBuildPhase;
			buildActionMask = 2147483647;
			files = (
				260E036A263961C200E29F96 /* Preview Assets.xcassets in Resources */,
				260E0367263961C200E29F96 /* Assets.xcassets in Resources */,
			);
			runOnlyForDeploymentPostprocessing = 0;
		};
/* End PBXResourcesBuildPhase section */

/* Begin PBXSourcesBuildPhase section */
		260E035B263961BE00E29F96 /* Sources */ = {
			isa = PBXSourcesBuildPhase;
			buildActionMask = 2147483647;
			files = (
				260E0365263961BE00E29F96 /* ContentView.swift in Sources */,
				260E0363263961BE00E29F96 /* UIImagePickerControllerCameraApp.swift in Sources */,
				260E0372263961E600E29F96 /* CustomImagePicker.swift in Sources */,
			);
			runOnlyForDeploymentPostprocessing = 0;
		};
/* End PBXSourcesBuildPhase section */

/* Begin XCBuildConfiguration section */
		260E036C263961C200E29F96 /* Debug */ = {
			isa = XCBuildConfiguration;
			buildSettings = {
				ALWAYS_SEARCH_USER_PATHS = NO;
				CLANG_ANALYZER_NONNULL = YES;
				CLANG_ANALYZER_NUMBER_OBJECT_CONVERSION = YES_AGGRESSIVE;
				CLANG_CXX_LANGUAGE_STANDARD = "gnu++14";
				CLANG_CXX_LIBRARY = "libc++";
				CLANG_ENABLE_MODULES = YES;
				CLANG_ENABLE_OBJC_ARC = YES;
				CLANG_ENABLE_OBJC_WEAK = YES;
				CLANG_WARN_BLOCK_CAPTURE_AUTORELEASING = YES;
				CLANG_WARN_BOOL_CONVERSION = YES;
				CLANG_WARN_COMMA = YES;
				CLANG_WARN_CONSTANT_CONVERSION = YES;
				CLANG_WARN_DEPRECATED_OBJC_IMPLEMENTATIONS = YES;
				CLANG_WARN_DIRECT_OBJC_ISA_USAGE = YES_ERROR;
				CLANG_WARN_DOCUMENTATION_COMMENTS = YES;
				CLANG_WARN_EMPTY_BODY = YES;
				CLANG_WARN_ENUM_CONVERSION = YES;
				CLANG_WARN_INFINITE_RECURSION = YES;
				CLANG_WARN_INT_CONVERSION = YES;
				CLANG_WARN_NON_LITERAL_NULL_CONVERSION = YES;
				CLANG_WARN_OBJC_IMPLICIT_RETAIN_SELF = YES;
				CLANG_WARN_OBJC_LITERAL_CONVERSION = YES;
				CLANG_WARN_OBJC_ROOT_CLASS = YES_ERROR;
				CLANG_WARN_QUOTED_INCLUDE_IN_FRAMEWORK_HEADER = YES;
				CLANG_WARN_RANGE_LOOP_ANALYSIS = YES;
				CLANG_WARN_STRICT_PROTOTYPES = YES;
				CLANG_WARN_SUSPICIOUS_MOVE = YES;
				CLANG_WARN_UNGUARDED_AVAILABILITY = YES_AGGRESSIVE;
				CLANG_WARN_UNREACHABLE_CODE = YES;
				CLANG_WARN__DUPLICATE_METHOD_MATCH = YES;
				COPY_PHASE_STRIP = NO;
				DEBUG_INFORMATION_FORMAT = dwarf;
				ENABLE_STRICT_OBJC_MSGSEND = YES;
				ENABLE_TESTABILITY = YES;
				GCC_C_LANGUAGE_STANDARD = gnu11;
				GCC_DYNAMIC_NO_PIC = NO;
				GCC_NO_COMMON_BLOCKS = YES;
				GCC_OPTIMIZATION_LEVEL = 0;
				GCC_PREPROCESSOR_DEFINITIONS = (
					"DEBUG=1",
					"$(inherited)",
				);
				GCC_WARN_64_TO_32_BIT_CONVERSION = YES;
				GCC_WARN_ABOUT_RETURN_TYPE = YES_ERROR;
				GCC_WARN_UNDECLARED_SELECTOR = YES;
				GCC_WARN_UNINITIALIZED_AUTOS = YES_AGGRESSIVE;
				GCC_WARN_UNUSED_FUNCTION = YES;
				GCC_WARN_UNUSED_VARIABLE = YES;
				IPHONEOS_DEPLOYMENT_TARGET = 14.5;
				MTL_ENABLE_DEBUG_INFO = INCLUDE_SOURCE;
				MTL_FAST_MATH = YES;
				ONLY_ACTIVE_ARCH = YES;
				SDKROOT = iphoneos;
				SWIFT_ACTIVE_COMPILATION_CONDITIONS = DEBUG;
				SWIFT_OPTIMIZATION_LEVEL = "-Onone";
			};
			name = Debug;
		};
		260E036D263961C200E29F96 /* Release */ = {
			isa = XCBuildConfiguration;
			buildSettings = {
				ALWAYS_SEARCH_USER_PATHS = NO;
				CLANG_ANALYZER_NONNULL = YES;
				CLANG_ANALYZER_NUMBER_OBJECT_CONVERSION = YES_AGGRESSIVE;
				CLANG_CXX_LANGUAGE_STANDARD = "gnu++14";
				CLANG_CXX_LIBRARY = "libc++";
				CLANG_ENABLE_MODULES = YES;
				CLANG_ENABLE_OBJC_ARC = YES;
				CLANG_ENABLE_OBJC_WEAK = YES;
				CLANG_WARN_BLOCK_CAPTURE_AUTORELEASING = YES;
				CLANG_WARN_BOOL_CONVERSION = YES;
				CLANG_WARN_COMMA = YES;
				CLANG_WARN_CONSTANT_CONVERSION = YES;
				CLANG_WARN_DEPRECATED_OBJC_IMPLEMENTATIONS = YES;
				CLANG_WARN_DIRECT_OBJC_ISA_USAGE = YES_ERROR;
				CLANG_WARN_DOCUMENTATION_COMMENTS = YES;
				CLANG_WARN_EMPTY_BODY = YES;
				CLANG_WARN_ENUM_CONVERSION = YES;
				CLANG_WARN_INFINITE_RECURSION = YES;
				CLANG_WARN_INT_CONVERSION = YES;
				CLANG_WARN_NON_LITERAL_NULL_CONVERSION = YES;
				CLANG_WARN_OBJC_IMPLICIT_RETAIN_SELF = YES;
				CLANG_WARN_OBJC_LITERAL_CONVERSION = YES;
				CLANG_WARN_OBJC_ROOT_CLASS = YES_ERROR;
				CLANG_WARN_QUOTED_INCLUDE_IN_FRAMEWORK_HEADER = YES;
				CLANG_WARN_RANGE_LOOP_ANALYSIS = YES;
				CLANG_WARN_STRICT_PROTOTYPES = YES;
				CLANG_WARN_SUSPICIOUS_MOVE = YES;
				CLANG_WARN_UNGUARDED_AVAILABILITY = YES_AGGRESSIVE;
				CLANG_WARN_UNREACHABLE_CODE = YES;
				CLANG_WARN__DUPLICATE_METHOD_MATCH = YES;
				COPY_PHASE_STRIP = NO;
				DEBUG_INFORMATION_FORMAT = "dwarf-with-dsym";
				ENABLE_NS_ASSERTIONS = NO;
				ENABLE_STRICT_OBJC_MSGSEND = YES;
				GCC_C_LANGUAGE_STANDARD = gnu11;
				GCC_NO_COMMON_BLOCKS = YES;
				GCC_WARN_64_TO_32_BIT_CONVERSION = YES;
				GCC_WARN_ABOUT_RETURN_TYPE = YES_ERROR;
				GCC_WARN_UNDECLARED_SELECTOR = YES;
				GCC_WARN_UNINITIALIZED_AUTOS = YES_AGGRESSIVE;
				GCC_WARN_UNUSED_FUNCTION = YES;
				GCC_WARN_UNUSED_VARIABLE = YES;
				IPHONEOS_DEPLOYMENT_TARGET = 14.5;
				MTL_ENABLE_DEBUG_INFO = NO;
				MTL_FAST_MATH = YES;
				SDKROOT = iphoneos;
				SWIFT_COMPILATION_MODE = wholemodule;
				SWIFT_OPTIMIZATION_LEVEL = "-O";
				VALIDATE_PRODUCT = YES;
			};
			name = Release;
		};
		260E036F263961C200E29F96 /* Debug */ = {
			isa = XCBuildConfiguration;
			buildSettings = {
				ASSETCATALOG_COMPILER_APPICON_NAME = AppIcon;
				ASSETCATALOG_COMPILER_GLOBAL_ACCENT_COLOR_NAME = AccentColor;
				CODE_SIGN_STYLE = Automatic;
				DEVELOPMENT_ASSET_PATHS = "\"UIImagePickerControllerCamera/Preview Content\"";
				DEVELOPMENT_TEAM = L4CKMM79TG;
				ENABLE_PREVIEWS = YES;
				INFOPLIST_FILE = UIImagePickerControllerCamera/Info.plist;
				IPHONEOS_DEPLOYMENT_TARGET = 14.0;
				LD_RUNPATH_SEARCH_PATHS = (
					"$(inherited)",
					"@executable_path/Frameworks",
				);
				PRODUCT_BUNDLE_IDENTIFIER = com.muchencute.swiftcodeshow.UIImagePickerControllerCamera;
				PRODUCT_NAME = "$(TARGET_NAME)";
				SWIFT_VERSION = 5.0;
				TARGETED_DEVICE_FAMILY = "1,2";
			};
			name = Debug;
		};
		260E0370263961C200E29F96 /* Release */ = {
			isa = XCBuildConfiguration;
			buildSettings = {
				ASSETCATALOG_COMPILER_APPICON_NAME = AppIcon;
				ASSETCATALOG_COMPILER_GLOBAL_ACCENT_COLOR_NAME = AccentColor;
				CODE_SIGN_STYLE = Automatic;
				DEVELOPMENT_ASSET_PATHS = "\"UIImagePickerControllerCamera/Preview Content\"";
				DEVELOPMENT_TEAM = L4CKMM79TG;
				ENABLE_PREVIEWS = YES;
				INFOPLIST_FILE = UIImagePickerControllerCamera/Info.plist;
				IPHONEOS_DEPLOYMENT_TARGET = 14.0;
				LD_RUNPATH_SEARCH_PATHS = (
					"$(inherited)",
					"@executable_path/Frameworks",
				);
				PRODUCT_BUNDLE_IDENTIFIER = com.muchencute.swiftcodeshow.UIImagePickerControllerCamera;
				PRODUCT_NAME = "$(TARGET_NAME)";
				SWIFT_VERSION = 5.0;
				TARGETED_DEVICE_FAMILY = "1,2";
			};
			name = Release;
		};
/* End XCBuildConfiguration section */

/* Begin XCConfigurationList section */
		260E035A263961BE00E29F96 /* Build configuration list for PBXProject "UIImagePickerControllerCamera" */ = {
			isa = XCConfigurationList;
			buildConfigurations = (
				260E036C263961C200E29F96 /* Debug */,
				260E036D263961C200E29F96 /* Release */,
			);
			defaultConfigurationIsVisible = 0;
			defaultConfigurationName = Release;
		};
		260E036E263961C200E29F96 /* Build configuration list for PBXNativeTarget "UIImagePickerControllerCamera" */ = {
			isa = XCConfigurationList;
			buildConfigurations = (
				260E036F263961C200E29F96 /* Debug */,
				260E0370263961C200E29F96 /* Release */,
			);
			defaultConfigurationIsVisible = 0;
			defaultConfigurationName = Release;
		};
/* End XCConfigurationList section */
	};
	rootObject = 260E0357263961BE00E29F96 /* Project object */;
}
